{
  "name": "zserver",
  "version": "1.0.0",
  "lockfileVersion": 1,
  "requires": true,
  "dependencies": {
    "https-pem": {
      "version": "2.0.0",
      "resolved": "http://registry.npm.taobao.org/https-pem/download/https-pem-2.0.0.tgz",
      "integrity": "sha1-xQ1sFzeyimyTCHYLsCRRJNPL0mk=",
      "requires": {
        "selfsigned": "1.10.2"
      }
    },
    "node-forge": {
      "version": "0.7.1",
      "resolved": "http://registry.npm.taobao.org/node-forge/download/node-forge-0.7.1.tgz",
      "integrity": "sha1-naYR6giYL0uUIGs760zJZl8gwwA="
    },
    "selfsigned": {
      "version": "1.10.2",
      "resolved": "http://registry.npm.taobao.org/selfsigned/download/selfsigned-1.10.2.tgz",
      "integrity": "sha1-tESVgNmZKbZbEKSDiTAaZZIIh1g=",
      "requires": {
        "node-forge": "0.7.1"
      }
    },
    "ztwserver-switchheader": {
      "version": "1.0.4",
      "resolved": "https://registry.npmjs.org/ztwserver-switchheader/-/ztwserver-switchheader-1.0.4.tgz",
      "integrity": "sha512-OGEB21WfFJgXlCExNQAG4pPNsT6aeko+JuVwKQgbP9ivbdqyVWoHN1RelXfEyxN/nBVeYbTNM7wfltqPgBGjHA=="
    }
  }
}
